PODS:
  - Flutter (1.0.0)
  - UMCCommon (7.2.4)
  - UMCCommonLog (2.0.0)
  - umeng_analytics_sdk (1.0.0):
    - Flutter
    - UMCCommon
    - UMCCommonLog

DEPENDENCIES:
  - Flutter (from `Flutter`)
  - umeng_analytics_sdk (from `.symlinks/plugins/umeng_analytics_sdk/ios`)

SPEC REPOS:
  trunk:
    - UMCCommon
    - UMCCommonLog

EXTERNAL SOURCES:
  Flutter:
    :path: Flutter
  umeng_analytics_sdk:
    :path: ".symlinks/plugins/umeng_analytics_sdk/ios"

SPEC CHECKSUMS:
  Flutter: 50d75fe2f02b26cc09d224853bb45737f8b3214a
  UMCCommon: a63a8b55331af31872a7bf17908ce47f48973c7f
  UMCCommonLog: 9b7ddde5d14a52fc1986ba5ac3121b8b2f433638
  umeng_analytics_sdk: 36d251f71bb77a37591f0236adefc5cc86a43057

PODFILE CHECKSUM: 3aaee2e660a2a825e7c3beecb0e4a334b934f851

COCOAPODS: 1.11.2
